{
  "lockfileVersion": 1,
  "workspaces": {
    "": {
      "devDependencies": {
        "@iconify-json/lucide": "^1.2.69",
      },
    },
  },
  "packages": {
    "@iconify-json/lucide": ["@iconify-json/lucide@1.2.69", "", { "dependencies": { "@iconify/types": "*" } }, "sha512-xOhNf74m+C+nSCObfEqYi34dXk1GMfMUcOB+gfqKY/bn0RcsPLinGfgouOvrUFEreDEFbCti7sdheTf5HESLTA=="],

    "@iconify/types": ["@iconify/types@2.0.0", "", {}, "sha512-+wluvCrRhXrhyOmRDJ3q8mux9JkKy5SJ/v8ol2tu4FVjyYvtEzkc/3pK15ET6RKg4b4w4BmTk1+gsCUhf21Ykg=="],
  }
}
